
Microsoft Visual Studio Solution File, Format Version 12.00
# Visual Studio Version 17
VisualStudioVersion = 17.0.31903.59
MinimumVisualStudioVersion = 10.0.40219.1
Project("{FAE04EC0-301F-11D3-BF4B-00C04F79EFBC}") = "Timesheet.Api", "Timesheet.Api\Timesheet.Api.csproj", "{63505913-FC1C-4363-A864-63C1154B1A97}"
EndProject
Project("{FAE04EC0-301F-11D3-BF4B-00C04F79EFBC}") = "Timesheet.Domain", "Timesheet.Domain\Timesheet.Domain.csproj", "{933504DD-4748-4858-B7DC-4CA8A7E97C88}"
EndProject
Project("{FAE04EC0-301F-11D3-BF4B-00C04F79EFBC}") = "Timesheet.Application", "Timesheet.Application\Timesheet.Application.csproj", "{F3E45DB1-3146-4D09-B507-6318ADFA896A}"
EndProject
Project("{FAE04EC0-301F-11D3-BF4B-00C04F79EFBC}") = "Timesheet.Infrastructure", "Timesheet.Infrastructure\Timesheet.Infrastructure.csproj", "{A96F661D-0AB6-4FBD-9F32-2274B4B180C9}"
EndProject
Project("{2150E333-8FDC-42A3-9474-1A3956D46DE8}") = "tests", "tests", "{0AB3BF05-4346-4AA6-1389-037BE0695223}"
EndProject
Project("{FAE04EC0-301F-11D3-BF4B-00C04F79EFBC}") = "Timesheet.Domain.Tests", "tests\Timesheet.Domain.Tests\Timesheet.Domain.Tests.csproj", "{A1E8E77E-D399-4652-8498-9D892EEC6FEC}"
EndProject
Project("{FAE04EC0-301F-11D3-BF4B-00C04F79EFBC}") = "Timesheet.Application.Tests", "tests\Timesheet.Application.Tests\Timesheet.Application.Tests.csproj", "{8D0D2835-A83C-4C70-B942-A950CA56F54B}"
EndProject
Project("{FAE04EC0-301F-11D3-BF4B-00C04F79EFBC}") = "Timesheet.Infrastructure.Tests", "tests\Timesheet.Infrastructure.Tests\Timesheet.Infrastructure.Tests.csproj", "{4CF72A92-C418-4906-B0DF-549B0F44CF24}"
EndProject
Project("{FAE04EC0-301F-11D3-BF4B-00C04F79EFBC}") = "Timesheet.Api.Tests", "tests\Timesheet.Api.Tests\Timesheet.Api.Tests.csproj", "{E620A4F2-F832-4656-B6CA-168941A57C34}"
EndProject
Project("{FAE04EC0-301F-11D3-BF4B-00C04F79EFBC}") = "Timesheet.Maintenance", "Timesheet.Maintenance\Timesheet.Maintenance.csproj", "{8BEBE78F-7A0C-4826-8A6F-2748405A8CFA}"
EndProject
Project("{FAE04EC0-301F-11D3-BF4B-00C04F79EFBC}") = "Timesheet.Maintenance.Tests", "tests\Timesheet.Maintenance.Tests\Timesheet.Maintenance.Tests.csproj", "{98C1872B-0632-46D1-80C7-118203FA25B3}"
EndProject
Global
	GlobalSection(SolutionConfigurationPlatforms) = preSolution
		Debug|Any CPU = Debug|Any CPU
		Debug|x64 = Debug|x64
		Debug|x86 = Debug|x86
		Release|Any CPU = Release|Any CPU
		Release|x64 = Release|x64
		Release|x86 = Release|x86
	EndGlobalSection
	GlobalSection(ProjectConfigurationPlatforms) = postSolution
		{63505913-FC1C-4363-A864-63C1154B1A97}.Debug|Any CPU.ActiveCfg = Debug|Any CPU
		{63505913-FC1C-4363-A864-63C1154B1A97}.Debug|Any CPU.Build.0 = Debug|Any CPU
		{63505913-FC1C-4363-A864-63C1154B1A97}.Debug|x64.ActiveCfg = Debug|Any CPU
		{63505913-FC1C-4363-A864-63C1154B1A97}.Debug|x64.Build.0 = Debug|Any CPU
		{63505913-FC1C-4363-A864-63C1154B1A97}.Debug|x86.ActiveCfg = Debug|Any CPU
		{63505913-FC1C-4363-A864-63C1154B1A97}.Debug|x86.Build.0 = Debug|Any CPU
		{63505913-FC1C-4363-A864-63C1154B1A97}.Release|Any CPU.ActiveCfg = Release|Any CPU
		{63505913-FC1C-4363-A864-63C1154B1A97}.Release|Any CPU.Build.0 = Release|Any CPU
		{63505913-FC1C-4363-A864-63C1154B1A97}.Release|x64.ActiveCfg = Release|Any CPU
		{63505913-FC1C-4363-A864-63C1154B1A97}.Release|x64.Build.0 = Release|Any CPU
		{63505913-FC1C-4363-A864-63C1154B1A97}.Release|x86.ActiveCfg = Release|Any CPU
		{63505913-FC1C-4363-A864-63C1154B1A97}.Release|x86.Build.0 = Release|Any CPU
		{933504DD-4748-4858-B7DC-4CA8A7E97C88}.Debug|Any CPU.ActiveCfg = Debug|Any CPU
		{933504DD-4748-4858-B7DC-4CA8A7E97C88}.Debug|Any CPU.Build.0 = Debug|Any CPU
		{933504DD-4748-4858-B7DC-4CA8A7E97C88}.Debug|x64.ActiveCfg = Debug|Any CPU
		{933504DD-4748-4858-B7DC-4CA8A7E97C88}.Debug|x64.Build.0 = Debug|Any CPU
		{933504DD-4748-4858-B7DC-4CA8A7E97C88}.Debug|x86.ActiveCfg = Debug|Any CPU
		{933504DD-4748-4858-B7DC-4CA8A7E97C88}.Debug|x86.Build.0 = Debug|Any CPU
		{933504DD-4748-4858-B7DC-4CA8A7E97C88}.Release|Any CPU.ActiveCfg = Release|Any CPU
		{933504DD-4748-4858-B7DC-4CA8A7E97C88}.Release|Any CPU.Build.0 = Release|Any CPU
		{933504DD-4748-4858-B7DC-4CA8A7E97C88}.Release|x64.ActiveCfg = Release|Any CPU
		{933504DD-4748-4858-B7DC-4CA8A7E97C88}.Release|x64.Build.0 = Release|Any CPU
		{933504DD-4748-4858-B7DC-4CA8A7E97C88}.Release|x86.ActiveCfg = Release|Any CPU
		{933504DD-4748-4858-B7DC-4CA8A7E97C88}.Release|x86.Build.0 = Release|Any CPU
		{F3E45DB1-3146-4D09-B507-6318ADFA896A}.Debug|Any CPU.ActiveCfg = Debug|Any CPU
		{F3E45DB1-3146-4D09-B507-6318ADFA896A}.Debug|Any CPU.Build.0 = Debug|Any CPU
		{F3E45DB1-3146-4D09-B507-6318ADFA896A}.Debug|x64.ActiveCfg = Debug|Any CPU
		{F3E45DB1-3146-4D09-B507-6318ADFA896A}.Debug|x64.Build.0 = Debug|Any CPU
		{F3E45DB1-3146-4D09-B507-6318ADFA896A}.Debug|x86.ActiveCfg = Debug|Any CPU
		{F3E45DB1-3146-4D09-B507-6318ADFA896A}.Debug|x86.Build.0 = Debug|Any CPU
		{F3E45DB1-3146-4D09-B507-6318ADFA896A}.Release|Any CPU.ActiveCfg = Release|Any CPU
		{F3E45DB1-3146-4D09-B507-6318ADFA896A}.Release|Any CPU.Build.0 = Release|Any CPU
		{F3E45DB1-3146-4D09-B507-6318ADFA896A}.Release|x64.ActiveCfg = Release|Any CPU
		{F3E45DB1-3146-4D09-B507-6318ADFA896A}.Release|x64.Build.0 = Release|Any CPU
		{F3E45DB1-3146-4D09-B507-6318ADFA896A}.Release|x86.ActiveCfg = Release|Any CPU
		{F3E45DB1-3146-4D09-B507-6318ADFA896A}.Release|x86.Build.0 = Release|Any CPU
		{A96F661D-0AB6-4FBD-9F32-2274B4B180C9}.Debug|Any CPU.ActiveCfg = Debug|Any CPU
		{A96F661D-0AB6-4FBD-9F32-2274B4B180C9}.Debug|Any CPU.Build.0 = Debug|Any CPU
		{A96F661D-0AB6-4FBD-9F32-2274B4B180C9}.Debug|x64.ActiveCfg = Debug|Any CPU
		{A96F661D-0AB6-4FBD-9F32-2274B4B180C9}.Debug|x64.Build.0 = Debug|Any CPU
		{A96F661D-0AB6-4FBD-9F32-2274B4B180C9}.Debug|x86.ActiveCfg = Debug|Any CPU
		{A96F661D-0AB6-4FBD-9F32-2274B4B180C9}.Debug|x86.Build.0 = Debug|Any CPU
		{A96F661D-0AB6-4FBD-9F32-2274B4B180C9}.Release|Any CPU.ActiveCfg = Release|Any CPU
		{A96F661D-0AB6-4FBD-9F32-2274B4B180C9}.Release|Any CPU.Build.0 = Release|Any CPU
		{A96F661D-0AB6-4FBD-9F32-2274B4B180C9}.Release|x64.ActiveCfg = Release|Any CPU
		{A96F661D-0AB6-4FBD-9F32-2274B4B180C9}.Release|x64.Build.0 = Release|Any CPU
		{A96F661D-0AB6-4FBD-9F32-2274B4B180C9}.Release|x86.ActiveCfg = Release|Any CPU
		{A96F661D-0AB6-4FBD-9F32-2274B4B180C9}.Release|x86.Build.0 = Release|Any CPU
		{A1E8E77E-D399-4652-8498-9D892EEC6FEC}.Debug|Any CPU.ActiveCfg = Debug|Any CPU
		{A1E8E77E-D399-4652-8498-9D892EEC6FEC}.Debug|Any CPU.Build.0 = Debug|Any CPU
		{A1E8E77E-D399-4652-8498-9D892EEC6FEC}.Debug|x64.ActiveCfg = Debug|Any CPU
		{A1E8E77E-D399-4652-8498-9D892EEC6FEC}.Debug|x64.Build.0 = Debug|Any CPU
		{A1E8E77E-D399-4652-8498-9D892EEC6FEC}.Debug|x86.ActiveCfg = Debug|Any CPU
		{A1E8E77E-D399-4652-8498-9D892EEC6FEC}.Debug|x86.Build.0 = Debug|Any CPU
		{A1E8E77E-D399-4652-8498-9D892EEC6FEC}.Release|Any CPU.ActiveCfg = Release|Any CPU
		{A1E8E77E-D399-4652-8498-9D892EEC6FEC}.Release|Any CPU.Build.0 = Release|Any CPU
		{A1E8E77E-D399-4652-8498-9D892EEC6FEC}.Release|x64.ActiveCfg = Release|Any CPU
		{A1E8E77E-D399-4652-8498-9D892EEC6FEC}.Release|x64.Build.0 = Release|Any CPU
		{A1E8E77E-D399-4652-8498-9D892EEC6FEC}.Release|x86.ActiveCfg = Release|Any CPU
		{A1E8E77E-D399-4652-8498-9D892EEC6FEC}.Release|x86.Build.0 = Release|Any CPU
		{8D0D2835-A83C-4C70-B942-A950CA56F54B}.Debug|Any CPU.ActiveCfg = Debug|Any CPU
		{8D0D2835-A83C-4C70-B942-A950CA56F54B}.Debug|Any CPU.Build.0 = Debug|Any CPU
		{8D0D2835-A83C-4C70-B942-A950CA56F54B}.Debug|x64.ActiveCfg = Debug|Any CPU
		{8D0D2835-A83C-4C70-B942-A950CA56F54B}.Debug|x64.Build.0 = Debug|Any CPU
		{8D0D2835-A83C-4C70-B942-A950CA56F54B}.Debug|x86.ActiveCfg = Debug|Any CPU
		{8D0D2835-A83C-4C70-B942-A950CA56F54B}.Debug|x86.Build.0 = Debug|Any CPU
		{8D0D2835-A83C-4C70-B942-A950CA56F54B}.Release|Any CPU.ActiveCfg = Release|Any CPU
		{8D0D2835-A83C-4C70-B942-A950CA56F54B}.Release|Any CPU.Build.0 = Release|Any CPU
		{8D0D2835-A83C-4C70-B942-A950CA56F54B}.Release|x64.ActiveCfg = Release|Any CPU
		{8D0D2835-A83C-4C70-B942-A950CA56F54B}.Release|x64.Build.0 = Release|Any CPU
		{8D0D2835-A83C-4C70-B942-A950CA56F54B}.Release|x86.ActiveCfg = Release|Any CPU
		{8D0D2835-A83C-4C70-B942-A950CA56F54B}.Release|x86.Build.0 = Release|Any CPU
		{4CF72A92-C418-4906-B0DF-549B0F44CF24}.Debug|Any CPU.ActiveCfg = Debug|Any CPU
		{4CF72A92-C418-4906-B0DF-549B0F44CF24}.Debug|Any CPU.Build.0 = Debug|Any CPU
		{4CF72A92-C418-4906-B0DF-549B0F44CF24}.Debug|x64.ActiveCfg = Debug|Any CPU
		{4CF72A92-C418-4906-B0DF-549B0F44CF24}.Debug|x64.Build.0 = Debug|Any CPU
		{4CF72A92-C418-4906-B0DF-549B0F44CF24}.Debug|x86.ActiveCfg = Debug|Any CPU
		{4CF72A92-C418-4906-B0DF-549B0F44CF24}.Debug|x86.Build.0 = Debug|Any CPU
		{4CF72A92-C418-4906-B0DF-549B0F44CF24}.Release|Any CPU.ActiveCfg = Release|Any CPU
		{4CF72A92-C418-4906-B0DF-549B0F44CF24}.Release|Any CPU.Build.0 = Release|Any CPU
		{4CF72A92-C418-4906-B0DF-549B0F44CF24}.Release|x64.ActiveCfg = Release|Any CPU
		{4CF72A92-C418-4906-B0DF-549B0F44CF24}.Release|x64.Build.0 = Release|Any CPU
		{4CF72A92-C418-4906-B0DF-549B0F44CF24}.Release|x86.ActiveCfg = Release|Any CPU
		{4CF72A92-C418-4906-B0DF-549B0F44CF24}.Release|x86.Build.0 = Release|Any CPU
		{E620A4F2-F832-4656-B6CA-168941A57C34}.Debug|Any CPU.ActiveCfg = Debug|Any CPU
		{E620A4F2-F832-4656-B6CA-168941A57C34}.Debug|Any CPU.Build.0 = Debug|Any CPU
		{E620A4F2-F832-4656-B6CA-168941A57C34}.Debug|x64.ActiveCfg = Debug|Any CPU
		{E620A4F2-F832-4656-B6CA-168941A57C34}.Debug|x64.Build.0 = Debug|Any CPU
		{E620A4F2-F832-4656-B6CA-168941A57C34}.Debug|x86.ActiveCfg = Debug|Any CPU
		{E620A4F2-F832-4656-B6CA-168941A57C34}.Debug|x86.Build.0 = Debug|Any CPU
		{E620A4F2-F832-4656-B6CA-168941A57C34}.Release|Any CPU.ActiveCfg = Release|Any CPU
		{E620A4F2-F832-4656-B6CA-168941A57C34}.Release|Any CPU.Build.0 = Release|Any CPU
		{E620A4F2-F832-4656-B6CA-168941A57C34}.Release|x64.ActiveCfg = Release|Any CPU
		{E620A4F2-F832-4656-B6CA-168941A57C34}.Release|x64.Build.0 = Release|Any CPU
		{E620A4F2-F832-4656-B6CA-168941A57C34}.Release|x86.ActiveCfg = Release|Any CPU
		{E620A4F2-F832-4656-B6CA-168941A57C34}.Release|x86.Build.0 = Release|Any CPU
		{8BEBE78F-7A0C-4826-8A6F-2748405A8CFA}.Debug|Any CPU.ActiveCfg = Debug|Any CPU
		{8BEBE78F-7A0C-4826-8A6F-2748405A8CFA}.Debug|Any CPU.Build.0 = Debug|Any CPU
		{8BEBE78F-7A0C-4826-8A6F-2748405A8CFA}.Debug|x64.ActiveCfg = Debug|Any CPU
		{8BEBE78F-7A0C-4826-8A6F-2748405A8CFA}.Debug|x64.Build.0 = Debug|Any CPU
		{8BEBE78F-7A0C-4826-8A6F-2748405A8CFA}.Debug|x86.ActiveCfg = Debug|Any CPU
		{8BEBE78F-7A0C-4826-8A6F-2748405A8CFA}.Debug|x86.Build.0 = Debug|Any CPU
		{8BEBE78F-7A0C-4826-8A6F-2748405A8CFA}.Release|Any CPU.ActiveCfg = Release|Any CPU
		{8BEBE78F-7A0C-4826-8A6F-2748405A8CFA}.Release|Any CPU.Build.0 = Release|Any CPU
		{8BEBE78F-7A0C-4826-8A6F-2748405A8CFA}.Release|x64.ActiveCfg = Release|Any CPU
		{8BEBE78F-7A0C-4826-8A6F-2748405A8CFA}.Release|x64.Build.0 = Release|Any CPU
		{8BEBE78F-7A0C-4826-8A6F-2748405A8CFA}.Release|x86.ActiveCfg = Release|Any CPU
		{8BEBE78F-7A0C-4826-8A6F-2748405A8CFA}.Release|x86.Build.0 = Release|Any CPU
		{98C1872B-0632-46D1-80C7-118203FA25B3}.Debug|Any CPU.ActiveCfg = Debug|Any CPU
		{98C1872B-0632-46D1-80C7-118203FA25B3}.Debug|Any CPU.Build.0 = Debug|Any CPU
		{98C1872B-0632-46D1-80C7-118203FA25B3}.Debug|x64.ActiveCfg = Debug|Any CPU
		{98C1872B-0632-46D1-80C7-118203FA25B3}.Debug|x64.Build.0 = Debug|Any CPU
		{98C1872B-0632-46D1-80C7-118203FA25B3}.Debug|x86.ActiveCfg = Debug|Any CPU
		{98C1872B-0632-46D1-80C7-118203FA25B3}.Debug|x86.Build.0 = Debug|Any CPU
		{98C1872B-0632-46D1-80C7-118203FA25B3}.Release|Any CPU.ActiveCfg = Release|Any CPU
		{98C1872B-0632-46D1-80C7-118203FA25B3}.Release|Any CPU.Build.0 = Release|Any CPU
		{98C1872B-0632-46D1-80C7-118203FA25B3}.Release|x64.ActiveCfg = Release|Any CPU
		{98C1872B-0632-46D1-80C7-118203FA25B3}.Release|x64.Build.0 = Release|Any CPU
		{98C1872B-0632-46D1-80C7-118203FA25B3}.Release|x86.ActiveCfg = Release|Any CPU
		{98C1872B-0632-46D1-80C7-118203FA25B3}.Release|x86.Build.0 = Release|Any CPU
	EndGlobalSection
	GlobalSection(SolutionProperties) = preSolution
		HideSolutionNode = FALSE
	EndGlobalSection
	GlobalSection(NestedProjects) = preSolution
		{A1E8E77E-D399-4652-8498-9D892EEC6FEC} = {0AB3BF05-4346-4AA6-1389-037BE0695223}
		{8D0D2835-A83C-4C70-B942-A950CA56F54B} = {0AB3BF05-4346-4AA6-1389-037BE0695223}
		{4CF72A92-C418-4906-B0DF-549B0F44CF24} = {0AB3BF05-4346-4AA6-1389-037BE0695223}
		{E620A4F2-F832-4656-B6CA-168941A57C34} = {0AB3BF05-4346-4AA6-1389-037BE0695223}
		{98C1872B-0632-46D1-80C7-118203FA25B3} = {0AB3BF05-4346-4AA6-1389-037BE0695223}
	EndGlobalSection
EndGlobal
